<?xml version="1.0" encoding="utf-8"?>
<Project ToolsVersion="4.0" xmlns="http://schemas.microsoft.com/developer/msbuild/2003">
  <ItemGroup>
    <ClCompile Include="RadMeter.cpp" />
    <ClCompile Include="WinMain.cpp" />
    <ClCompile Include="tinyexpr\tinyexpr.c">
      <Filter>TinyExpr</Filter>
    </ClCompile>
    <ClCompile Include="Rad\Dialog.cpp">
      <Filter>Rad</Filter>
    </ClCompile>
    <ClCompile Include="Rad\Log.cpp">
      <Filter>Rad</Filter>
    </ClCompile>
    <ClCompile Include="Rad\MessageHandler.cpp">
      <Filter>Rad</Filter>
    </ClCompile>
    <ClCompile Include="Rad\Window.cpp">
      <Filter>Rad</Filter>
    </ClCompile>
    <ClCompile Include="Rad\WinError.cpp">
      <Filter>Rad</Filter>
    </ClCompile>
    <ClCompile Include="Utils.cpp" />
  </ItemGroup>
  <ItemGroup>
    <ClInclude Include="Utils.h" />
    <ClInclude Include="tinyexpr\tinyexpr.h">
      <Filter>TinyExpr</Filter>
    </ClInclude>
    <ClInclude Include="resource.h" />
    <ClInclude Include="Rad\Convert.h">
      <Filter>Rad</Filter>
    </ClInclude>
    <ClInclude Include="Rad\Dialog.h">
      <Filter>Rad</Filter>
    </ClInclude>
    <ClInclude Include="Rad\Format.h">
      <Filter>Rad</Filter>
    </ClInclude>
    <ClInclude Include="Rad\Log.h">
      <Filter>Rad</Filter>
    </ClInclude>
    <ClInclude Include="Rad\MemoryPlus.h">
      <Filter>Rad</Filter>
    </ClInclude>
    <ClInclude Include="Rad\MessageHandler.h">
      <Filter>Rad</Filter>
    </ClInclude>
    <ClInclude Include="Rad\NewDebug.h">
      <Filter>Rad</Filter>
    </ClInclude>
    <ClInclude Include="Rad\SourceLocation.h">
      <Filter>Rad</Filter>
    </ClInclude>
    <ClInclude Include="Rad\Window.h">
      <Filter>Rad</Filter>
    </ClInclude>
    <ClInclude Include="Rad\Windowxx.h">
      <Filter>Rad</Filter>
    </ClInclude>
    <ClInclude Include="Rad\WinError.h">
      <Filter>Rad</Filter>
    </ClInclude>
    <ClInclude Include="WinMainSetup.h" />
  </ItemGroup>
  <ItemGroup>
    <Filter Include="TinyExpr">
      <UniqueIdentifier>{607bb232-29d2-4a66-9cd0-3288f91265ee}</UniqueIdentifier>
    </Filter>
    <Filter Include="Rad">
      <UniqueIdentifier>{0723de65-1394-48f8-a128-b5572f77a67f}</UniqueIdentifier>
    </Filter>
  </ItemGroup>
  <ItemGroup>
    <Image Include="RadMeter.ico" />
  </ItemGroup>
  <ItemGroup>
    <ResourceCompile Include="RadMeter.rc" />
  </ItemGroup>
</Project>