<?xml version="1.0" encoding="utf-8"?>
<Project ToolsVersion="4.0" xmlns="http://schemas.microsoft.com/developer/msbuild/2003">
  <ItemGroup>
    <ClCompile Include="RadMeter.cpp" />
    <ClCompile Include="Window.cpp" />
    <ClCompile Include="WinMain.cpp" />
    <ClCompile Include="tinyexpr\tinyexpr.c">
      <Filter>TinyExpr</Filter>
    </ClCompile>
  </ItemGroup>
  <ItemGroup>
    <ClInclude Include="Format.h" />
    <ClInclude Include="Utils.h" />
    <ClInclude Include="Window.h" />
    <ClInclude Include="Windowxx.h" />
    <ClInclude Include="tinyexpr\tinyexpr.h">
      <Filter>TinyExpr</Filter>
    </ClInclude>
    <ClInclude Include="resource.h" />
  </ItemGroup>
  <ItemGroup>
    <Filter Include="TinyExpr">
      <UniqueIdentifier>{607bb232-29d2-4a66-9cd0-3288f91265ee}</UniqueIdentifier>
    </Filter>
  </ItemGroup>
  <ItemGroup>
    <Image Include="RadMeter.ico" />
  </ItemGroup>
  <ItemGroup>
    <ResourceCompile Include="RadMeter.rc" />
  </ItemGroup>
</Project>